PODS:
  - Nimble (3.0.0)
  - Quick (0.8.0)
  - ReactiveCocoa (4.0.0-RC.1):
    - ReactiveCocoa/UI (= 4.0.0-RC.1)
    - Result (~> 1.0)
  - ReactiveCocoa/Core (4.0.0-RC.1):
    - ReactiveCocoa/no-arc
    - Result (~> 1.0)
  - ReactiveCocoa/no-arc (4.0.0-RC.1):
    - Result (~> 1.0)
  - ReactiveCocoa/UI (4.0.0-RC.1):
    - ReactiveCocoa/Core
    - Result (~> 1.0)
  - Result (1.0.1)
  - SDWebImage (3.7.4):
    - SDWebImage/Core (= 3.7.4)
  - SDWebImage/Core (3.7.4)
  - XAssets (0.6.0):
    - ReactiveCocoa (= 4.0.0-RC.1)
    - SDWebImage (~> 3.7.0)

DEPENDENCIES:
  - Nimble (~> 3.0.0)
  - Quick (~> 0.8.0)
  - ReactiveCocoa (= 4.0.0-RC.1)
  - SDWebImage (~> 3.7.0)
  - XAssets (from `../`)

EXTERNAL SOURCES:
  XAssets:
    :path: "../"

SPEC CHECKSUMS:
  Nimble: 4c353d43735b38b545cbb4cb91504588eb5de926
  Quick: 563d0f6ec5f72e394645adb377708639b7dd38ab
  ReactiveCocoa: 2b0f654beb7642b82cfd3fdb845205ae9889422c
  Result: caef80340451e1f07492fa1e89117f83613bce24
  SDWebImage: 247edd7dd80dd6124197b0d6a17846fe9d1df968
  XAssets: ec9b7a0419f20decc914d16055875bf975e1e292

COCOAPODS: 0.39.0
