PODS:
  - Nimble (4.1.0)
  - Quick (0.9.2)
  - XAssets (0.7.0)

DEPENDENCIES:
  - Nimble (~> 4.1.0)
  - Quick (~> 0.9.1)
  - XAssets (from `../`)

EXTERNAL SOURCES:
  XAssets:
    :path: "../"

SPEC CHECKSUMS:
  Nimble: 97a0a4cae5124c117115634b2d055d8c97d0af19
  Quick: 18d057bc66451eedd5d1c8dc99ba2a5db6e60226
  XAssets: 427012b2651cfc33368ffd309367edbc056c4f8e

PODFILE CHECKSUM: 48d95137bbb63e9056562f80b45a66e0935aeb4e

COCOAPODS: 1.0.1
