// !$*UTF8*$!
{
	archiveVersion = 1;
	classes = {
	};
	objectVersion = 46;
	objects = {

/* Begin PBXBuildFile section */
		607FACD61AFB9204008FA782 /* AppDelegate.swift in Sources */ = {isa = PBXBuildFile; fileRef = 607FACD51AFB9204008FA782 /* AppDelegate.swift */; };
		607FACDB1AFB9204008FA782 /* Main.storyboard in Resources */ = {isa = PBXBuildFile; fileRef = 607FACD91AFB9204008FA782 /* Main.storyboard */; };
		607FACDD1AFB9204008FA782 /* Images.xcassets in Resources */ = {isa = PBXBuildFile; fileRef = 607FACDC1AFB9204008FA782 /* Images.xcassets */; };
		607FACE01AFB9204008FA782 /* LaunchScreen.xib in Resources */ = {isa = PBXBuildFile; fileRef = 607FACDE1AFB9204008FA782 /* LaunchScreen.xib */; };
		607FACEC1AFB9204008FA782 /* Tests.swift in Sources */ = {isa = PBXBuildFile; fileRef = 607FACEB1AFB9204008FA782 /* Tests.swift */; };
		B329EC461BD12F900018C5B0 /* AddNewPhotoButtonViewController.swift in Sources */ = {isa = PBXBuildFile; fileRef = B329EC451BD12F8F0018C5B0 /* AddNewPhotoButtonViewController.swift */; };
		B33AFA381BC3E5F8005D3DD4 /* TreatIconViewController.swift in Sources */ = {isa = PBXBuildFile; fileRef = B33AFA351BC3E5F8005D3DD4 /* TreatIconViewController.swift */; };
		B33AFA391BC3E5F8005D3DD4 /* WTGIconViewController.swift in Sources */ = {isa = PBXBuildFile; fileRef = B33AFA371BC3E5F8005D3DD4 /* WTGIconViewController.swift */; };
		B37020591BA4089A003BF34B /* JoinButtonViewController.swift in Sources */ = {isa = PBXBuildFile; fileRef = B37020581BA4089A003BF34B /* JoinButtonViewController.swift */; };
		B3A54EB11BA039500076C7FF /* CakeIconViewController.swift in Sources */ = {isa = PBXBuildFile; fileRef = B3A54E921BA039500076C7FF /* CakeIconViewController.swift */; };
		B3A54EB21BA039500076C7FF /* CarIconViewController.swift in Sources */ = {isa = PBXBuildFile; fileRef = B3A54E941BA039500076C7FF /* CarIconViewController.swift */; };
		B3A54EB31BA039500076C7FF /* ChatButtonViewController.swift in Sources */ = {isa = PBXBuildFile; fileRef = B3A54E961BA039500076C7FF /* ChatButtonViewController.swift */; };
		B3A54EB41BA039500076C7FF /* EtcIconViewController.swift in Sources */ = {isa = PBXBuildFile; fileRef = B3A54E981BA039500076C7FF /* EtcIconViewController.swift */; };
		B3A54EB51BA039500076C7FF /* FemaleIconViewController.swift in Sources */ = {isa = PBXBuildFile; fileRef = B3A54E9A1BA039500076C7FF /* FemaleIconViewController.swift */; };
		B3A54EB61BA039500076C7FF /* FilterButtonViewController.swift in Sources */ = {isa = PBXBuildFile; fileRef = B3A54E9C1BA039500076C7FF /* FilterButtonViewController.swift */; };
		B3A54EB71BA039500076C7FF /* FlameIconViewController.swift in Sources */ = {isa = PBXBuildFile; fileRef = B3A54E9E1BA039500076C7FF /* FlameIconViewController.swift */; };
		B3A54EB81BA039500076C7FF /* HomeButtonViewController.swift in Sources */ = {isa = PBXBuildFile; fileRef = B3A54EA01BA039500076C7FF /* HomeButtonViewController.swift */; };
		B3A54EB91BA039500076C7FF /* MaleIconViewController.swift in Sources */ = {isa = PBXBuildFile; fileRef = B3A54EA21BA039500076C7FF /* MaleIconViewController.swift */; };
		B3A54EBA1BA039500076C7FF /* MarsLabelViewController.swift in Sources */ = {isa = PBXBuildFile; fileRef = B3A54EA41BA039500076C7FF /* MarsLabelViewController.swift */; };
		B3A54EBB1BA039500076C7FF /* NearbyButtonViewController.swift in Sources */ = {isa = PBXBuildFile; fileRef = B3A54EA61BA039500076C7FF /* NearbyButtonViewController.swift */; };
		B3A54EBC1BA039500076C7FF /* PriceIconViewController.swift in Sources */ = {isa = PBXBuildFile; fileRef = B3A54EA81BA039500076C7FF /* PriceIconViewController.swift */; };
		B3A54EBD1BA039500076C7FF /* ProfileButtonViewController.swift in Sources */ = {isa = PBXBuildFile; fileRef = B3A54EAA1BA039500076C7FF /* ProfileButtonViewController.swift */; };
		B3A54EBE1BA039500076C7FF /* SearchButtonViewController.swift in Sources */ = {isa = PBXBuildFile; fileRef = B3A54EAC1BA039500076C7FF /* SearchButtonViewController.swift */; };
		B3A54EBF1BA039500076C7FF /* ShareButtonViewController.swift in Sources */ = {isa = PBXBuildFile; fileRef = B3A54EAE1BA039500076C7FF /* ShareButtonViewController.swift */; };
		B3A54EC01BA039500076C7FF /* VenusLabelViewController.swift in Sources */ = {isa = PBXBuildFile; fileRef = B3A54EB01BA039500076C7FF /* VenusLabelViewController.swift */; };
		B44D2CD91B3CA6AF008E14DA /* NotoSansCJKsc-Bold.otf in Resources */ = {isa = PBXBuildFile; fileRef = B44D2CD81B3CA6AF008E14DA /* NotoSansCJKsc-Bold.otf */; };
		B44D2CDB1B3CBA2B008E14DA /* MenuTableViewController.swift in Sources */ = {isa = PBXBuildFile; fileRef = B44D2CDA1B3CBA2B008E14DA /* MenuTableViewController.swift */; };
		B4FA1FB01B7152C8003BD3BC /* MenuItems.swift in Sources */ = {isa = PBXBuildFile; fileRef = B4FA1FAF1B7152C8003BD3BC /* MenuItems.swift */; };
		C87912DD5E5202FD044D69A2 /* Pods_XAssets_Tests.framework in Frameworks */ = {isa = PBXBuildFile; fileRef = 2292C07C497DE5646AC5CD5B /* Pods_XAssets_Tests.framework */; };
		D43F8CFB502C5A941C186E06 /* Pods_XAssets_Example.framework in Frameworks */ = {isa = PBXBuildFile; fileRef = 19D4B49C8BC7CA5955ED4B41 /* Pods_XAssets_Example.framework */; };
/* End PBXBuildFile section */

/* Begin PBXContainerItemProxy section */
		607FACE61AFB9204008FA782 /* PBXContainerItemProxy */ = {
			isa = PBXContainerItemProxy;
			containerPortal = 607FACC81AFB9204008FA782 /* Project object */;
			proxyType = 1;
			remoteGlobalIDString = 607FACCF1AFB9204008FA782;
			remoteInfo = XAssets;
		};
/* End PBXContainerItemProxy section */

/* Begin PBXFileReference section */
		00435868D6628C609B24007D /* Pods-XAssets_Example.debug.xcconfig */ = {isa = PBXFileReference; includeInIndex = 1; lastKnownFileType = text.xcconfig; name = "Pods-XAssets_Example.debug.xcconfig"; path = "Pods/Target Support Files/Pods-XAssets_Example/Pods-XAssets_Example.debug.xcconfig"; sourceTree = "<group>"; };
		19D4B49C8BC7CA5955ED4B41 /* Pods_XAssets_Example.framework */ = {isa = PBXFileReference; explicitFileType = wrapper.framework; includeInIndex = 0; path = Pods_XAssets_Example.framework; sourceTree = BUILT_PRODUCTS_DIR; };
		2292C07C497DE5646AC5CD5B /* Pods_XAssets_Tests.framework */ = {isa = PBXFileReference; explicitFileType = wrapper.framework; includeInIndex = 0; path = Pods_XAssets_Tests.framework; sourceTree = BUILT_PRODUCTS_DIR; };
		246E097132DD6B0E5F174724 /* Pods-XAssets_Tests.release.xcconfig */ = {isa = PBXFileReference; includeInIndex = 1; lastKnownFileType = text.xcconfig; name = "Pods-XAssets_Tests.release.xcconfig"; path = "Pods/Target Support Files/Pods-XAssets_Tests/Pods-XAssets_Tests.release.xcconfig"; sourceTree = "<group>"; };
		607FACD01AFB9204008FA782 /* XAssets_Example.app */ = {isa = PBXFileReference; explicitFileType = wrapper.application; includeInIndex = 0; path = XAssets_Example.app; sourceTree = BUILT_PRODUCTS_DIR; };
		607FACD41AFB9204008FA782 /* Info.plist */ = {isa = PBXFileReference; lastKnownFileType = text.plist.xml; path = Info.plist; sourceTree = "<group>"; };
		607FACD51AFB9204008FA782 /* AppDelegate.swift */ = {isa = PBXFileReference; lastKnownFileType = sourcecode.swift; path = AppDelegate.swift; sourceTree = "<group>"; };
		607FACDA1AFB9204008FA782 /* Base */ = {isa = PBXFileReference; lastKnownFileType = file.storyboard; name = Base; path = Base.lproj/Main.storyboard; sourceTree = "<group>"; };
		607FACDC1AFB9204008FA782 /* Images.xcassets */ = {isa = PBXFileReference; lastKnownFileType = folder.assetcatalog; path = Images.xcassets; sourceTree = "<group>"; };
		607FACDF1AFB9204008FA782 /* Base */ = {isa = PBXFileReference; lastKnownFileType = file.xib; name = Base; path = Base.lproj/LaunchScreen.xib; sourceTree = "<group>"; };
		607FACE51AFB9204008FA782 /* XAssets_Tests.xctest */ = {isa = PBXFileReference; explicitFileType = wrapper.cfbundle; includeInIndex = 0; path = XAssets_Tests.xctest; sourceTree = BUILT_PRODUCTS_DIR; };
		607FACEA1AFB9204008FA782 /* Info.plist */ = {isa = PBXFileReference; lastKnownFileType = text.plist.xml; path = Info.plist; sourceTree = "<group>"; };
		607FACEB1AFB9204008FA782 /* Tests.swift */ = {isa = PBXFileReference; lastKnownFileType = sourcecode.swift; path = Tests.swift; sourceTree = "<group>"; };
		69B6FFF4AB6951A27C3BA10B /* Pods-XAssets_Example.release.xcconfig */ = {isa = PBXFileReference; includeInIndex = 1; lastKnownFileType = text.xcconfig; name = "Pods-XAssets_Example.release.xcconfig"; path = "Pods/Target Support Files/Pods-XAssets_Example/Pods-XAssets_Example.release.xcconfig"; sourceTree = "<group>"; };
		6B6141AAF07C072511700F94 /* LICENSE */ = {isa = PBXFileReference; includeInIndex = 1; lastKnownFileType = text; name = LICENSE; path = ../LICENSE; sourceTree = "<group>"; };
		6EDAB777AED9DE18B7AB3F53 /* Pods-XAssets_Tests.debug.xcconfig */ = {isa = PBXFileReference; includeInIndex = 1; lastKnownFileType = text.xcconfig; name = "Pods-XAssets_Tests.debug.xcconfig"; path = "Pods/Target Support Files/Pods-XAssets_Tests/Pods-XAssets_Tests.debug.xcconfig"; sourceTree = "<group>"; };
		74BE606CA7121D9F2D3BB968 /* README.md */ = {isa = PBXFileReference; includeInIndex = 1; lastKnownFileType = net.daringfireball.markdown; name = README.md; path = ../README.md; sourceTree = "<group>"; };
		B329EC451BD12F8F0018C5B0 /* AddNewPhotoButtonViewController.swift */ = {isa = PBXFileReference; fileEncoding = 4; lastKnownFileType = sourcecode.swift; path = AddNewPhotoButtonViewController.swift; sourceTree = "<group>"; };
		B33AFA351BC3E5F8005D3DD4 /* TreatIconViewController.swift */ = {isa = PBXFileReference; fileEncoding = 4; lastKnownFileType = sourcecode.swift; path = TreatIconViewController.swift; sourceTree = "<group>"; };
		B33AFA371BC3E5F8005D3DD4 /* WTGIconViewController.swift */ = {isa = PBXFileReference; fileEncoding = 4; lastKnownFileType = sourcecode.swift; path = WTGIconViewController.swift; sourceTree = "<group>"; };
		B37020581BA4089A003BF34B /* JoinButtonViewController.swift */ = {isa = PBXFileReference; fileEncoding = 4; lastKnownFileType = sourcecode.swift; path = JoinButtonViewController.swift; sourceTree = "<group>"; };
		B3A54E921BA039500076C7FF /* CakeIconViewController.swift */ = {isa = PBXFileReference; fileEncoding = 4; lastKnownFileType = sourcecode.swift; path = CakeIconViewController.swift; sourceTree = "<group>"; };
		B3A54E941BA039500076C7FF /* CarIconViewController.swift */ = {isa = PBXFileReference; fileEncoding = 4; lastKnownFileType = sourcecode.swift; path = CarIconViewController.swift; sourceTree = "<group>"; };
		B3A54E961BA039500076C7FF /* ChatButtonViewController.swift */ = {isa = PBXFileReference; fileEncoding = 4; lastKnownFileType = sourcecode.swift; path = ChatButtonViewController.swift; sourceTree = "<group>"; };
		B3A54E981BA039500076C7FF /* EtcIconViewController.swift */ = {isa = PBXFileReference; fileEncoding = 4; lastKnownFileType = sourcecode.swift; path = EtcIconViewController.swift; sourceTree = "<group>"; };
		B3A54E9A1BA039500076C7FF /* FemaleIconViewController.swift */ = {isa = PBXFileReference; fileEncoding = 4; lastKnownFileType = sourcecode.swift; path = FemaleIconViewController.swift; sourceTree = "<group>"; };
		B3A54E9C1BA039500076C7FF /* FilterButtonViewController.swift */ = {isa = PBXFileReference; fileEncoding = 4; lastKnownFileType = sourcecode.swift; path = FilterButtonViewController.swift; sourceTree = "<group>"; };
		B3A54E9E1BA039500076C7FF /* FlameIconViewController.swift */ = {isa = PBXFileReference; fileEncoding = 4; lastKnownFileType = sourcecode.swift; path = FlameIconViewController.swift; sourceTree = "<group>"; };
		B3A54EA01BA039500076C7FF /* HomeButtonViewController.swift */ = {isa = PBXFileReference; fileEncoding = 4; lastKnownFileType = sourcecode.swift; path = HomeButtonViewController.swift; sourceTree = "<group>"; };
		B3A54EA21BA039500076C7FF /* MaleIconViewController.swift */ = {isa = PBXFileReference; fileEncoding = 4; lastKnownFileType = sourcecode.swift; path = MaleIconViewController.swift; sourceTree = "<group>"; };
		B3A54EA41BA039500076C7FF /* MarsLabelViewController.swift */ = {isa = PBXFileReference; fileEncoding = 4; lastKnownFileType = sourcecode.swift; path = MarsLabelViewController.swift; sourceTree = "<group>"; };
		B3A54EA61BA039500076C7FF /* NearbyButtonViewController.swift */ = {isa = PBXFileReference; fileEncoding = 4; lastKnownFileType = sourcecode.swift; path = NearbyButtonViewController.swift; sourceTree = "<group>"; };
		B3A54EA81BA039500076C7FF /* PriceIconViewController.swift */ = {isa = PBXFileReference; fileEncoding = 4; lastKnownFileType = sourcecode.swift; path = PriceIconViewController.swift; sourceTree = "<group>"; };
		B3A54EAA1BA039500076C7FF /* ProfileButtonViewController.swift */ = {isa = PBXFileReference; fileEncoding = 4; lastKnownFileType = sourcecode.swift; path = ProfileButtonViewController.swift; sourceTree = "<group>"; };
		B3A54EAC1BA039500076C7FF /* SearchButtonViewController.swift */ = {isa = PBXFileReference; fileEncoding = 4; lastKnownFileType = sourcecode.swift; path = SearchButtonViewController.swift; sourceTree = "<group>"; };
		B3A54EAE1BA039500076C7FF /* ShareButtonViewController.swift */ = {isa = PBXFileReference; fileEncoding = 4; lastKnownFileType = sourcecode.swift; path = ShareButtonViewController.swift; sourceTree = "<group>"; };
		B3A54EB01BA039500076C7FF /* VenusLabelViewController.swift */ = {isa = PBXFileReference; fileEncoding = 4; lastKnownFileType = sourcecode.swift; path = VenusLabelViewController.swift; sourceTree = "<group>"; };
		B44D2CD81B3CA6AF008E14DA /* NotoSansCJKsc-Bold.otf */ = {isa = PBXFileReference; lastKnownFileType = file; path = "NotoSansCJKsc-Bold.otf"; sourceTree = "<group>"; };
		B44D2CDA1B3CBA2B008E14DA /* MenuTableViewController.swift */ = {isa = PBXFileReference; fileEncoding = 4; lastKnownFileType = sourcecode.swift; path = MenuTableViewController.swift; sourceTree = "<group>"; };
		B4FA1FAF1B7152C8003BD3BC /* MenuItems.swift */ = {isa = PBXFileReference; fileEncoding = 4; lastKnownFileType = sourcecode.swift; path = MenuItems.swift; sourceTree = "<group>"; };
		C3C2433053AC905DE0B151A8 /* XAssets.podspec */ = {isa = PBXFileReference; includeInIndex = 1; lastKnownFileType = text; name = XAssets.podspec; path = ../XAssets.podspec; sourceTree = "<group>"; };
/* End PBXFileReference section */

/* Begin PBXFrameworksBuildPhase section */
		607FACCD1AFB9204008FA782 /* Frameworks */ = {
			isa = PBXFrameworksBuildPhase;
			buildActionMask = 2147483647;
			files = (
				D43F8CFB502C5A941C186E06 /* Pods_XAssets_Example.framework in Frameworks */,
			);
			runOnlyForDeploymentPostprocessing = 0;
		};
		607FACE21AFB9204008FA782 /* Frameworks */ = {
			isa = PBXFrameworksBuildPhase;
			buildActionMask = 2147483647;
			files = (
				C87912DD5E5202FD044D69A2 /* Pods_XAssets_Tests.framework in Frameworks */,
			);
			runOnlyForDeploymentPostprocessing = 0;
		};
/* End PBXFrameworksBuildPhase section */

/* Begin PBXGroup section */
		533AF1C688AFF4250DA8D4A8 /* Frameworks */ = {
			isa = PBXGroup;
			children = (
				19D4B49C8BC7CA5955ED4B41 /* Pods_XAssets_Example.framework */,
				2292C07C497DE5646AC5CD5B /* Pods_XAssets_Tests.framework */,
			);
			name = Frameworks;
			sourceTree = "<group>";
		};
		607FACC71AFB9204008FA782 = {
			isa = PBXGroup;
			children = (
				607FACF51AFB993E008FA782 /* Podspec Metadata */,
				607FACD21AFB9204008FA782 /* Example for XAssets */,
				607FACE81AFB9204008FA782 /* Tests */,
				607FACD11AFB9204008FA782 /* Products */,
				A94878E498E15279C34D78E1 /* Pods */,
				533AF1C688AFF4250DA8D4A8 /* Frameworks */,
			);
			sourceTree = "<group>";
		};
		607FACD11AFB9204008FA782 /* Products */ = {
			isa = PBXGroup;
			children = (
				607FACD01AFB9204008FA782 /* XAssets_Example.app */,
				607FACE51AFB9204008FA782 /* XAssets_Tests.xctest */,
			);
			name = Products;
			sourceTree = "<group>";
		};
		607FACD21AFB9204008FA782 /* Example for XAssets */ = {
			isa = PBXGroup;
			children = (
				B329EC441BD12F5D0018C5B0 /* Add New Photo Button */,
				B33AFA341BC3E5F8005D3DD4 /* Treat Icon */,
				B33AFA361BC3E5F8005D3DD4 /* WTG Icon */,
				B37020571BA4089A003BF34B /* Join Button */,
				B3A54E911BA039500076C7FF /* Cake Icon */,
				B3A54E931BA039500076C7FF /* Car Icon */,
				B3A54E951BA039500076C7FF /* Chat Button */,
				B3A54E971BA039500076C7FF /* Etc Icon */,
				B3A54E991BA039500076C7FF /* Female Icon */,
				B3A54E9B1BA039500076C7FF /* Filter Button */,
				B3A54E9D1BA039500076C7FF /* Flame Icon */,
				B3A54E9F1BA039500076C7FF /* Home Button */,
				B3A54EA11BA039500076C7FF /* Male Icon */,
				B3A54EA31BA039500076C7FF /* Mars Label */,
				B3A54EA51BA039500076C7FF /* Nearby Button */,
				B3A54EA71BA039500076C7FF /* Price Icon */,
				B3A54EA91BA039500076C7FF /* Profile Button */,
				B3A54EAB1BA039500076C7FF /* Search Button */,
				B3A54EAD1BA039500076C7FF /* Share Button */,
				B3A54EAF1BA039500076C7FF /* Venus Label */,
				607FACD51AFB9204008FA782 /* AppDelegate.swift */,
				B44D2CDA1B3CBA2B008E14DA /* MenuTableViewController.swift */,
				B4FA1FAF1B7152C8003BD3BC /* MenuItems.swift */,
				607FACD91AFB9204008FA782 /* Main.storyboard */,
				607FACDC1AFB9204008FA782 /* Images.xcassets */,
				607FACDE1AFB9204008FA782 /* LaunchScreen.xib */,
				607FACD31AFB9204008FA782 /* Supporting Files */,
			);
			name = "Example for XAssets";
			path = XAssets;
			sourceTree = "<group>";
		};
		607FACD31AFB9204008FA782 /* Supporting Files */ = {
			isa = PBXGroup;
			children = (
				B44D2CD81B3CA6AF008E14DA /* NotoSansCJKsc-Bold.otf */,
				607FACD41AFB9204008FA782 /* Info.plist */,
			);
			name = "Supporting Files";
			sourceTree = "<group>";
		};
		607FACE81AFB9204008FA782 /* Tests */ = {
			isa = PBXGroup;
			children = (
				607FACEB1AFB9204008FA782 /* Tests.swift */,
				607FACE91AFB9204008FA782 /* Supporting Files */,
			);
			path = Tests;
			sourceTree = "<group>";
		};
		607FACE91AFB9204008FA782 /* Supporting Files */ = {
			isa = PBXGroup;
			children = (
				607FACEA1AFB9204008FA782 /* Info.plist */,
			);
			name = "Supporting Files";
			sourceTree = "<group>";
		};
		607FACF51AFB993E008FA782 /* Podspec Metadata */ = {
			isa = PBXGroup;
			children = (
				C3C2433053AC905DE0B151A8 /* XAssets.podspec */,
				74BE606CA7121D9F2D3BB968 /* README.md */,
				6B6141AAF07C072511700F94 /* LICENSE */,
			);
			name = "Podspec Metadata";
			sourceTree = "<group>";
		};
		A94878E498E15279C34D78E1 /* Pods */ = {
			isa = PBXGroup;
			children = (
				00435868D6628C609B24007D /* Pods-XAssets_Example.debug.xcconfig */,
				69B6FFF4AB6951A27C3BA10B /* Pods-XAssets_Example.release.xcconfig */,
				6EDAB777AED9DE18B7AB3F53 /* Pods-XAssets_Tests.debug.xcconfig */,
				246E097132DD6B0E5F174724 /* Pods-XAssets_Tests.release.xcconfig */,
			);
			name = Pods;
			sourceTree = "<group>";
		};
		B329EC441BD12F5D0018C5B0 /* Add New Photo Button */ = {
			isa = PBXGroup;
			children = (
				B329EC451BD12F8F0018C5B0 /* AddNewPhotoButtonViewController.swift */,
			);
			path = "Add New Photo Button";
			sourceTree = "<group>";
		};
		B33AFA341BC3E5F8005D3DD4 /* Treat Icon */ = {
			isa = PBXGroup;
			children = (
				B33AFA351BC3E5F8005D3DD4 /* TreatIconViewController.swift */,
			);
			path = "Treat Icon";
			sourceTree = "<group>";
		};
		B33AFA361BC3E5F8005D3DD4 /* WTG Icon */ = {
			isa = PBXGroup;
			children = (
				B33AFA371BC3E5F8005D3DD4 /* WTGIconViewController.swift */,
			);
			path = "WTG Icon";
			sourceTree = "<group>";
		};
		B37020571BA4089A003BF34B /* Join Button */ = {
			isa = PBXGroup;
			children = (
				B37020581BA4089A003BF34B /* JoinButtonViewController.swift */,
			);
			path = "Join Button";
			sourceTree = "<group>";
		};
		B3A54E911BA039500076C7FF /* Cake Icon */ = {
			isa = PBXGroup;
			children = (
				B3A54E921BA039500076C7FF /* CakeIconViewController.swift */,
			);
			path = "Cake Icon";
			sourceTree = "<group>";
		};
		B3A54E931BA039500076C7FF /* Car Icon */ = {
			isa = PBXGroup;
			children = (
				B3A54E941BA039500076C7FF /* CarIconViewController.swift */,
			);
			path = "Car Icon";
			sourceTree = "<group>";
		};
		B3A54E951BA039500076C7FF /* Chat Button */ = {
			isa = PBXGroup;
			children = (
				B3A54E961BA039500076C7FF /* ChatButtonViewController.swift */,
			);
			path = "Chat Button";
			sourceTree = "<group>";
		};
		B3A54E971BA039500076C7FF /* Etc Icon */ = {
			isa = PBXGroup;
			children = (
				B3A54E981BA039500076C7FF /* EtcIconViewController.swift */,
			);
			path = "Etc Icon";
			sourceTree = "<group>";
		};
		B3A54E991BA039500076C7FF /* Female Icon */ = {
			isa = PBXGroup;
			children = (
				B3A54E9A1BA039500076C7FF /* FemaleIconViewController.swift */,
			);
			path = "Female Icon";
			sourceTree = "<group>";
		};
		B3A54E9B1BA039500076C7FF /* Filter Button */ = {
			isa = PBXGroup;
			children = (
				B3A54E9C1BA039500076C7FF /* FilterButtonViewController.swift */,
			);
			path = "Filter Button";
			sourceTree = "<group>";
		};
		B3A54E9D1BA039500076C7FF /* Flame Icon */ = {
			isa = PBXGroup;
			children = (
				B3A54E9E1BA039500076C7FF /* FlameIconViewController.swift */,
			);
			path = "Flame Icon";
			sourceTree = "<group>";
		};
		B3A54E9F1BA039500076C7FF /* Home Button */ = {
			isa = PBXGroup;
			children = (
				B3A54EA01BA039500076C7FF /* HomeButtonViewController.swift */,
			);
			path = "Home Button";
			sourceTree = "<group>";
		};
		B3A54EA11BA039500076C7FF /* Male Icon */ = {
			isa = PBXGroup;
			children = (
				B3A54EA21BA039500076C7FF /* MaleIconViewController.swift */,
			);
			path = "Male Icon";
			sourceTree = "<group>";
		};
		B3A54EA31BA039500076C7FF /* Mars Label */ = {
			isa = PBXGroup;
			children = (
				B3A54EA41BA039500076C7FF /* MarsLabelViewController.swift */,
			);
			path = "Mars Label";
			sourceTree = "<group>";
		};
		B3A54EA51BA039500076C7FF /* Nearby Button */ = {
			isa = PBXGroup;
			children = (
				B3A54EA61BA039500076C7FF /* NearbyButtonViewController.swift */,
			);
			path = "Nearby Button";
			sourceTree = "<group>";
		};
		B3A54EA71BA039500076C7FF /* Price Icon */ = {
			isa = PBXGroup;
			children = (
				B3A54EA81BA039500076C7FF /* PriceIconViewController.swift */,
			);
			path = "Price Icon";
			sourceTree = "<group>";
		};
		B3A54EA91BA039500076C7FF /* Profile Button */ = {
			isa = PBXGroup;
			children = (
				B3A54EAA1BA039500076C7FF /* ProfileButtonViewController.swift */,
			);
			path = "Profile Button";
			sourceTree = "<group>";
		};
		B3A54EAB1BA039500076C7FF /* Search Button */ = {
			isa = PBXGroup;
			children = (
				B3A54EAC1BA039500076C7FF /* SearchButtonViewController.swift */,
			);
			path = "Search Button";
			sourceTree = "<group>";
		};
		B3A54EAD1BA039500076C7FF /* Share Button */ = {
			isa = PBXGroup;
			children = (
				B3A54EAE1BA039500076C7FF /* ShareButtonViewController.swift */,
			);
			path = "Share Button";
			sourceTree = "<group>";
		};
		B3A54EAF1BA039500076C7FF /* Venus Label */ = {
			isa = PBXGroup;
			children = (
				B3A54EB01BA039500076C7FF /* VenusLabelViewController.swift */,
			);
			path = "Venus Label";
			sourceTree = "<group>";
		};
/* End PBXGroup section */

/* Begin PBXNativeTarget section */
		607FACCF1AFB9204008FA782 /* XAssets_Example */ = {
			isa = PBXNativeTarget;
			buildConfigurationList = 607FACEF1AFB9204008FA782 /* Build configuration list for PBXNativeTarget "XAssets_Example" */;
			buildPhases = (
				919328B3DB1106289BD326BC /* [CP] Check Pods Manifest.lock */,
				607FACCC1AFB9204008FA782 /* Sources */,
				607FACCD1AFB9204008FA782 /* Frameworks */,
				607FACCE1AFB9204008FA782 /* Resources */,
				B330E0CD89108B6F2450E495 /* [CP] Embed Pods Frameworks */,
				2026A03317BB3662245892B3 /* [CP] Copy Pods Resources */,
			);
			buildRules = (
			);
			dependencies = (
			);
			name = XAssets_Example;
			productName = XAssets;
			productReference = 607FACD01AFB9204008FA782 /* XAssets_Example.app */;
			productType = "com.apple.product-type.application";
		};
		607FACE41AFB9204008FA782 /* XAssets_Tests */ = {
			isa = PBXNativeTarget;
			buildConfigurationList = 607FACF21AFB9204008FA782 /* Build configuration list for PBXNativeTarget "XAssets_Tests" */;
			buildPhases = (
				FFA64D73F1C40EC71B8C1FD7 /* [CP] Check Pods Manifest.lock */,
				607FACE11AFB9204008FA782 /* Sources */,
				607FACE21AFB9204008FA782 /* Frameworks */,
				607FACE31AFB9204008FA782 /* Resources */,
				8CB93ED633BD1E6D1FEDB7B2 /* [CP] Embed Pods Frameworks */,
				4E20B2686BE9EDDCCD9E6614 /* [CP] Copy Pods Resources */,
			);
			buildRules = (
			);
			dependencies = (
				607FACE71AFB9204008FA782 /* PBXTargetDependency */,
			);
			name = XAssets_Tests;
			productName = Tests;
			productReference = 607FACE51AFB9204008FA782 /* XAssets_Tests.xctest */;
			productType = "com.apple.product-type.bundle.unit-test";
		};
/* End PBXNativeTarget section */

/* Begin PBXProject section */
		607FACC81AFB9204008FA782 /* Project object */ = {
			isa = PBXProject;
			attributes = {
				LastSwiftMigration = 0710;
				LastSwiftUpdateCheck = 0710;
				LastUpgradeCheck = 0710;
				ORGANIZATIONNAME = CocoaPods;
				TargetAttributes = {
					607FACCF1AFB9204008FA782 = {
						CreatedOnToolsVersion = 6.3.1;
					};
					607FACE41AFB9204008FA782 = {
						CreatedOnToolsVersion = 6.3.1;
						TestTargetID = 607FACCF1AFB9204008FA782;
					};
				};
			};
			buildConfigurationList = 607FACCB1AFB9204008FA782 /* Build configuration list for PBXProject "XAssets" */;
			compatibilityVersion = "Xcode 3.2";
			developmentRegion = English;
			hasScannedForEncodings = 0;
			knownRegions = (
				en,
				Base,
			);
			mainGroup = 607FACC71AFB9204008FA782;
			productRefGroup = 607FACD11AFB9204008FA782 /* Products */;
			projectDirPath = "";
			projectRoot = "";
			targets = (
				607FACCF1AFB9204008FA782 /* XAssets_Example */,
				607FACE41AFB9204008FA782 /* XAssets_Tests */,
			);
		};
/* End PBXProject section */

/* Begin PBXResourcesBuildPhase section */
		607FACCE1AFB9204008FA782 /* Resources */ = {
			isa = PBXResourcesBuildPhase;
			buildActionMask = 2147483647;
			files = (
				607FACDB1AFB9204008FA782 /* Main.storyboard in Resources */,
				607FACE01AFB9204008FA782 /* LaunchScreen.xib in Resources */,
				B44D2CD91B3CA6AF008E14DA /* NotoSansCJKsc-Bold.otf in Resources */,
				607FACDD1AFB9204008FA782 /* Images.xcassets in Resources */,
			);
			runOnlyForDeploymentPostprocessing = 0;
		};
		607FACE31AFB9204008FA782 /* Resources */ = {
			isa = PBXResourcesBuildPhase;
			buildActionMask = 2147483647;
			files = (
			);
			runOnlyForDeploymentPostprocessing = 0;
		};
/* End PBXResourcesBuildPhase section */

/* Begin PBXShellScriptBuildPhase section */
		2026A03317BB3662245892B3 /* [CP] Copy Pods Resources */ = {
			isa = PBXShellScriptBuildPhase;
			buildActionMask = 2147483647;
			files = (
			);
			inputPaths = (
			);
			name = "[CP] Copy Pods Resources";
			outputPaths = (
			);
			runOnlyForDeploymentPostprocessing = 0;
			shellPath = /bin/sh;
			shellScript = "\"${SRCROOT}/Pods/Target Support Files/Pods-XAssets_Example/Pods-XAssets_Example-resources.sh\"\n";
			showEnvVarsInLog = 0;
		};
		4E20B2686BE9EDDCCD9E6614 /* [CP] Copy Pods Resources */ = {
			isa = PBXShellScriptBuildPhase;
			buildActionMask = 2147483647;
			files = (
			);
			inputPaths = (
			);
			name = "[CP] Copy Pods Resources";
			outputPaths = (
			);
			runOnlyForDeploymentPostprocessing = 0;
			shellPath = /bin/sh;
			shellScript = "\"${SRCROOT}/Pods/Target Support Files/Pods-XAssets_Tests/Pods-XAssets_Tests-resources.sh\"\n";
			showEnvVarsInLog = 0;
		};
		8CB93ED633BD1E6D1FEDB7B2 /* [CP] Embed Pods Frameworks */ = {
			isa = PBXShellScriptBuildPhase;
			buildActionMask = 2147483647;
			files = (
			);
			inputPaths = (
			);
			name = "[CP] Embed Pods Frameworks";
			outputPaths = (
			);
			runOnlyForDeploymentPostprocessing = 0;
			shellPath = /bin/sh;
			shellScript = "\"${SRCROOT}/Pods/Target Support Files/Pods-XAssets_Tests/Pods-XAssets_Tests-frameworks.sh\"\n";
			showEnvVarsInLog = 0;
		};
		919328B3DB1106289BD326BC /* [CP] Check Pods Manifest.lock */ = {
			isa = PBXShellScriptBuildPhase;
			buildActionMask = 2147483647;
			files = (
			);
			inputPaths = (
			);
			name = "[CP] Check Pods Manifest.lock";
			outputPaths = (
			);
			runOnlyForDeploymentPostprocessing = 0;
			shellPath = /bin/sh;
			shellScript = "diff \"${PODS_ROOT}/../Podfile.lock\" \"${PODS_ROOT}/Manifest.lock\" > /dev/null\nif [[ $? != 0 ]] ; then\n    cat << EOM\nerror: The sandbox is not in sync with the Podfile.lock. Run 'pod install' or update your CocoaPods installation.\nEOM\n    exit 1\nfi\n";
			showEnvVarsInLog = 0;
		};
		B330E0CD89108B6F2450E495 /* [CP] Embed Pods Frameworks */ = {
			isa = PBXShellScriptBuildPhase;
			buildActionMask = 2147483647;
			files = (
			);
			inputPaths = (
			);
			name = "[CP] Embed Pods Frameworks";
			outputPaths = (
			);
			runOnlyForDeploymentPostprocessing = 0;
			shellPath = /bin/sh;
			shellScript = "\"${SRCROOT}/Pods/Target Support Files/Pods-XAssets_Example/Pods-XAssets_Example-frameworks.sh\"\n";
			showEnvVarsInLog = 0;
		};
		FFA64D73F1C40EC71B8C1FD7 /* [CP] Check Pods Manifest.lock */ = {
			isa = PBXShellScriptBuildPhase;
			buildActionMask = 2147483647;
			files = (
			);
			inputPaths = (
			);
			name = "[CP] Check Pods Manifest.lock";
			outputPaths = (
			);
			runOnlyForDeploymentPostprocessing = 0;
			shellPath = /bin/sh;
			shellScript = "diff \"${PODS_ROOT}/../Podfile.lock\" \"${PODS_ROOT}/Manifest.lock\" > /dev/null\nif [[ $? != 0 ]] ; then\n    cat << EOM\nerror: The sandbox is not in sync with the Podfile.lock. Run 'pod install' or update your CocoaPods installation.\nEOM\n    exit 1\nfi\n";
			showEnvVarsInLog = 0;
		};
/* End PBXShellScriptBuildPhase section */

/* Begin PBXSourcesBuildPhase section */
		607FACCC1AFB9204008FA782 /* Sources */ = {
			isa = PBXSourcesBuildPhase;
			buildActionMask = 2147483647;
			files = (
				B329EC461BD12F900018C5B0 /* AddNewPhotoButtonViewController.swift in Sources */,
				B3A54EBD1BA039500076C7FF /* ProfileButtonViewController.swift in Sources */,
				B3A54EC01BA039500076C7FF /* VenusLabelViewController.swift in Sources */,
				B3A54EB71BA039500076C7FF /* FlameIconViewController.swift in Sources */,
				B3A54EB31BA039500076C7FF /* ChatButtonViewController.swift in Sources */,
				B44D2CDB1B3CBA2B008E14DA /* MenuTableViewController.swift in Sources */,
				B3A54EBE1BA039500076C7FF /* SearchButtonViewController.swift in Sources */,
				B3A54EBF1BA039500076C7FF /* ShareButtonViewController.swift in Sources */,
				B37020591BA4089A003BF34B /* JoinButtonViewController.swift in Sources */,
				B33AFA391BC3E5F8005D3DD4 /* WTGIconViewController.swift in Sources */,
				B3A54EBC1BA039500076C7FF /* PriceIconViewController.swift in Sources */,
				B3A54EB41BA039500076C7FF /* EtcIconViewController.swift in Sources */,
				B33AFA381BC3E5F8005D3DD4 /* TreatIconViewController.swift in Sources */,
				B4FA1FB01B7152C8003BD3BC /* MenuItems.swift in Sources */,
				B3A54EB91BA039500076C7FF /* MaleIconViewController.swift in Sources */,
				B3A54EBA1BA039500076C7FF /* MarsLabelViewController.swift in Sources */,
				B3A54EB81BA039500076C7FF /* HomeButtonViewController.swift in Sources */,
				B3A54EB21BA039500076C7FF /* CarIconViewController.swift in Sources */,
				B3A54EB11BA039500076C7FF /* CakeIconViewController.swift in Sources */,
				B3A54EB51BA039500076C7FF /* FemaleIconViewController.swift in Sources */,
				B3A54EBB1BA039500076C7FF /* NearbyButtonViewController.swift in Sources */,
				607FACD61AFB9204008FA782 /* AppDelegate.swift in Sources */,
				B3A54EB61BA039500076C7FF /* FilterButtonViewController.swift in Sources */,
			);
			runOnlyForDeploymentPostprocessing = 0;
		};
		607FACE11AFB9204008FA782 /* Sources */ = {
			isa = PBXSourcesBuildPhase;
			buildActionMask = 2147483647;
			files = (
				607FACEC1AFB9204008FA782 /* Tests.swift in Sources */,
			);
			runOnlyForDeploymentPostprocessing = 0;
		};
/* End PBXSourcesBuildPhase section */

/* Begin PBXTargetDependency section */
		607FACE71AFB9204008FA782 /* PBXTargetDependency */ = {
			isa = PBXTargetDependency;
			target = 607FACCF1AFB9204008FA782 /* XAssets_Example */;
			targetProxy = 607FACE61AFB9204008FA782 /* PBXContainerItemProxy */;
		};
/* End PBXTargetDependency section */

/* Begin PBXVariantGroup section */
		607FACD91AFB9204008FA782 /* Main.storyboard */ = {
			isa = PBXVariantGroup;
			children = (
				607FACDA1AFB9204008FA782 /* Base */,
			);
			name = Main.storyboard;
			sourceTree = "<group>";
		};
		607FACDE1AFB9204008FA782 /* LaunchScreen.xib */ = {
			isa = PBXVariantGroup;
			children = (
				607FACDF1AFB9204008FA782 /* Base */,
			);
			name = LaunchScreen.xib;
			sourceTree = "<group>";
		};
/* End PBXVariantGroup section */

/* Begin XCBuildConfiguration section */
		607FACED1AFB9204008FA782 /* Debug */ = {
			isa = XCBuildConfiguration;
			buildSettings = {
				ALWAYS_SEARCH_USER_PATHS = NO;
				CLANG_CXX_LANGUAGE_STANDARD = "gnu++0x";
				CLANG_CXX_LIBRARY = "libc++";
				CLANG_ENABLE_MODULES = YES;
				CLANG_ENABLE_OBJC_ARC = YES;
				CLANG_WARN_BOOL_CONVERSION = YES;
				CLANG_WARN_CONSTANT_CONVERSION = YES;
				CLANG_WARN_DIRECT_OBJC_ISA_USAGE = YES_ERROR;
				CLANG_WARN_EMPTY_BODY = YES;
				CLANG_WARN_ENUM_CONVERSION = YES;
				CLANG_WARN_INT_CONVERSION = YES;
				CLANG_WARN_OBJC_ROOT_CLASS = YES_ERROR;
				CLANG_WARN_UNREACHABLE_CODE = YES;
				CLANG_WARN__DUPLICATE_METHOD_MATCH = YES;
				"CODE_SIGN_IDENTITY[sdk=iphoneos*]" = "iPhone Developer";
				COPY_PHASE_STRIP = NO;
				DEBUG_INFORMATION_FORMAT = "dwarf-with-dsym";
				ENABLE_STRICT_OBJC_MSGSEND = YES;
				ENABLE_TESTABILITY = YES;
				GCC_C_LANGUAGE_STANDARD = gnu99;
				GCC_DYNAMIC_NO_PIC = NO;
				GCC_NO_COMMON_BLOCKS = YES;
				GCC_OPTIMIZATION_LEVEL = 0;
				GCC_PREPROCESSOR_DEFINITIONS = (
					"DEBUG=1",
					"$(inherited)",
				);
				GCC_SYMBOLS_PRIVATE_EXTERN = NO;
				GCC_WARN_64_TO_32_BIT_CONVERSION = YES;
				GCC_WARN_ABOUT_RETURN_TYPE = YES_ERROR;
				GCC_WARN_UNDECLARED_SELECTOR = YES;
				GCC_WARN_UNINITIALIZED_AUTOS = YES_AGGRESSIVE;
				GCC_WARN_UNUSED_FUNCTION = YES;
				GCC_WARN_UNUSED_VARIABLE = YES;
				IPHONEOS_DEPLOYMENT_TARGET = 8.3;
				MTL_ENABLE_DEBUG_INFO = YES;
				ONLY_ACTIVE_ARCH = YES;
				SDKROOT = iphoneos;
				SWIFT_OPTIMIZATION_LEVEL = "-Onone";
			};
			name = Debug;
		};
		607FACEE1AFB9204008FA782 /* Release */ = {
			isa = XCBuildConfiguration;
			buildSettings = {
				ALWAYS_SEARCH_USER_PATHS = NO;
				CLANG_CXX_LANGUAGE_STANDARD = "gnu++0x";
				CLANG_CXX_LIBRARY = "libc++";
				CLANG_ENABLE_MODULES = YES;
				CLANG_ENABLE_OBJC_ARC = YES;
				CLANG_WARN_BOOL_CONVERSION = YES;
				CLANG_WARN_CONSTANT_CONVERSION = YES;
				CLANG_WARN_DIRECT_OBJC_ISA_USAGE = YES_ERROR;
				CLANG_WARN_EMPTY_BODY = YES;
				CLANG_WARN_ENUM_CONVERSION = YES;
				CLANG_WARN_INT_CONVERSION = YES;
				CLANG_WARN_OBJC_ROOT_CLASS = YES_ERROR;
				CLANG_WARN_UNREACHABLE_CODE = YES;
				CLANG_WARN__DUPLICATE_METHOD_MATCH = YES;
				"CODE_SIGN_IDENTITY[sdk=iphoneos*]" = "iPhone Developer";
				COPY_PHASE_STRIP = NO;
				DEBUG_INFORMATION_FORMAT = "dwarf-with-dsym";
				ENABLE_NS_ASSERTIONS = NO;
				ENABLE_STRICT_OBJC_MSGSEND = YES;
				GCC_C_LANGUAGE_STANDARD = gnu99;
				GCC_NO_COMMON_BLOCKS = YES;
				GCC_WARN_64_TO_32_BIT_CONVERSION = YES;
				GCC_WARN_ABOUT_RETURN_TYPE = YES_ERROR;
				GCC_WARN_UNDECLARED_SELECTOR = YES;
				GCC_WARN_UNINITIALIZED_AUTOS = YES_AGGRESSIVE;
				GCC_WARN_UNUSED_FUNCTION = YES;
				GCC_WARN_UNUSED_VARIABLE = YES;
				IPHONEOS_DEPLOYMENT_TARGET = 8.3;
				MTL_ENABLE_DEBUG_INFO = NO;
				SDKROOT = iphoneos;
				VALIDATE_PRODUCT = YES;
			};
			name = Release;
		};
		607FACF01AFB9204008FA782 /* Debug */ = {
			isa = XCBuildConfiguration;
			baseConfigurationReference = 00435868D6628C609B24007D /* Pods-XAssets_Example.debug.xcconfig */;
			buildSettings = {
				ASSETCATALOG_COMPILER_APPICON_NAME = AppIcon;
				INFOPLIST_FILE = XAssets/Info.plist;
				LD_RUNPATH_SEARCH_PATHS = "$(inherited) @executable_path/Frameworks";
				MODULE_NAME = ExampleApp;
				PRODUCT_BUNDLE_IDENTIFIER = "org.cocoapods.demo.$(PRODUCT_NAME:rfc1034identifier)";
				PRODUCT_NAME = "$(TARGET_NAME)";
			};
			name = Debug;
		};
		607FACF11AFB9204008FA782 /* Release */ = {
			isa = XCBuildConfiguration;
			baseConfigurationReference = 69B6FFF4AB6951A27C3BA10B /* Pods-XAssets_Example.release.xcconfig */;
			buildSettings = {
				ASSETCATALOG_COMPILER_APPICON_NAME = AppIcon;
				INFOPLIST_FILE = XAssets/Info.plist;
				LD_RUNPATH_SEARCH_PATHS = "$(inherited) @executable_path/Frameworks";
				MODULE_NAME = ExampleApp;
				PRODUCT_BUNDLE_IDENTIFIER = "org.cocoapods.demo.$(PRODUCT_NAME:rfc1034identifier)";
				PRODUCT_NAME = "$(TARGET_NAME)";
			};
			name = Release;
		};
		607FACF31AFB9204008FA782 /* Debug */ = {
			isa = XCBuildConfiguration;
			baseConfigurationReference = 6EDAB777AED9DE18B7AB3F53 /* Pods-XAssets_Tests.debug.xcconfig */;
			buildSettings = {
				BUNDLE_LOADER = "$(TEST_HOST)";
				FRAMEWORK_SEARCH_PATHS = (
					"$(SDKROOT)/Developer/Library/Frameworks",
					"$(inherited)",
				);
				GCC_PREPROCESSOR_DEFINITIONS = (
					"DEBUG=1",
					"$(inherited)",
				);
				INFOPLIST_FILE = Tests/Info.plist;
				LD_RUNPATH_SEARCH_PATHS = "$(inherited) @executable_path/Frameworks @loader_path/Frameworks";
				PRODUCT_BUNDLE_IDENTIFIER = "org.cocoapods.$(PRODUCT_NAME:rfc1034identifier)";
				PRODUCT_NAME = "$(TARGET_NAME)";
				TEST_HOST = "$(BUILT_PRODUCTS_DIR)/XAssets_Example.app/XAssets_Example";
			};
			name = Debug;
		};
		607FACF41AFB9204008FA782 /* Release */ = {
			isa = XCBuildConfiguration;
			baseConfigurationReference = 246E097132DD6B0E5F174724 /* Pods-XAssets_Tests.release.xcconfig */;
			buildSettings = {
				BUNDLE_LOADER = "$(TEST_HOST)";
				FRAMEWORK_SEARCH_PATHS = (
					"$(SDKROOT)/Developer/Library/Frameworks",
					"$(inherited)",
				);
				INFOPLIST_FILE = Tests/Info.plist;
				LD_RUNPATH_SEARCH_PATHS = "$(inherited) @executable_path/Frameworks @loader_path/Frameworks";
				PRODUCT_BUNDLE_IDENTIFIER = "org.cocoapods.$(PRODUCT_NAME:rfc1034identifier)";
				PRODUCT_NAME = "$(TARGET_NAME)";
				TEST_HOST = "$(BUILT_PRODUCTS_DIR)/XAssets_Example.app/XAssets_Example";
			};
			name = Release;
		};
/* End XCBuildConfiguration section */

/* Begin XCConfigurationList section */
		607FACCB1AFB9204008FA782 /* Build configuration list for PBXProject "XAssets" */ = {
			isa = XCConfigurationList;
			buildConfigurations = (
				607FACED1AFB9204008FA782 /* Debug */,
				607FACEE1AFB9204008FA782 /* Release */,
			);
			defaultConfigurationIsVisible = 0;
			defaultConfigurationName = Release;
		};
		607FACEF1AFB9204008FA782 /* Build configuration list for PBXNativeTarget "XAssets_Example" */ = {
			isa = XCConfigurationList;
			buildConfigurations = (
				607FACF01AFB9204008FA782 /* Debug */,
				607FACF11AFB9204008FA782 /* Release */,
			);
			defaultConfigurationIsVisible = 0;
			defaultConfigurationName = Release;
		};
		607FACF21AFB9204008FA782 /* Build configuration list for PBXNativeTarget "XAssets_Tests" */ = {
			isa = XCConfigurationList;
			buildConfigurations = (
				607FACF31AFB9204008FA782 /* Debug */,
				607FACF41AFB9204008FA782 /* Release */,
			);
			defaultConfigurationIsVisible = 0;
			defaultConfigurationName = Release;
		};
/* End XCConfigurationList section */
	};
	rootObject = 607FACC81AFB9204008FA782 /* Project object */;
}
